
Microsoft Visual Studio Solution File, Format Version 12.00
# Visual Studio Version 17
VisualStudioVersion = 17.11.35222.181
MinimumVisualStudioVersion = 10.0.40219.1
Project("{FAE04EC0-301F-11D3-BF4B-00C04F79EFBC}") = "UnitOfWorkDesign", "UnitOfWorkDesign\UnitOfWorkDesign.csproj", "{19E8176E-BAFE-4D09-9955-E0B4FA55851D}"
EndProject
Project("{2150E333-8FDC-42A3-9474-1A3956D46DE8}") = "API Layer", "API Layer", "{558CAC74-EE9E-421A-AB44-CE63566F3B29}"
EndProject
Global
	GlobalSection(SolutionConfigurationPlatforms) = preSolution
		Debug|Any CPU = Debug|Any CPU
		Release|Any CPU = Release|Any CPU
	EndGlobalSection
	GlobalSection(ProjectConfigurationPlatforms) = postSolution
		{19E8176E-BAFE-4D09-9955-E0B4FA55851D}.Debug|Any CPU.ActiveCfg = Debug|Any CPU
		{19E8176E-BAFE-4D09-9955-E0B4FA55851D}.Debug|Any CPU.Build.0 = Debug|Any CPU
		{19E8176E-BAFE-4D09-9955-E0B4FA55851D}.Release|Any CPU.ActiveCfg = Release|Any CPU
		{19E8176E-BAFE-4D09-9955-E0B4FA55851D}.Release|Any CPU.Build.0 = Release|Any CPU
	EndGlobalSection
	GlobalSection(SolutionProperties) = preSolution
		HideSolutionNode = FALSE
	EndGlobalSection
	GlobalSection(NestedProjects) = preSolution
		{19E8176E-BAFE-4D09-9955-E0B4FA55851D} = {558CAC74-EE9E-421A-AB44-CE63566F3B29}
	EndGlobalSection
	GlobalSection(ExtensibilityGlobals) = postSolution
		SolutionGuid = {36CF57EE-767E-4677-9D1D-38D1BBC28214}
	EndGlobalSection
EndGlobal
